
Microsoft Visual Studio Solution File, Format Version 12.00
# Visual Studio Version 17
VisualStudioVersion = 17.3.32929.385
MinimumVisualStudioVersion = 10.0.40219.1
Project("{FAE04EC0-301F-11D3-BF4B-00C04F79EFBC}") = "xox but working", "xox but working\xox but working.csproj", "{243575A2-4915-4185-ABE4-23B09D2A0590}"
EndProject
Project("{9A19103F-16F7-4668-BE54-9A1E7A4F7556}") = "lesson", "..\lesson\lesson\lesson.csproj", "{E31CBDD6-5CF4-40F0-AC82-C4CA27D29DD4}"
EndProject
Global
	GlobalSection(SolutionConfigurationPlatforms) = preSolution
		Debug|Any CPU = Debug|Any CPU
		Release|Any CPU = Release|Any CPU
	EndGlobalSection
	GlobalSection(ProjectConfigurationPlatforms) = postSolution
		{243575A2-4915-4185-ABE4-23B09D2A0590}.Debug|Any CPU.ActiveCfg = Debug|Any CPU
		{243575A2-4915-4185-ABE4-23B09D2A0590}.Debug|Any CPU.Build.0 = Debug|Any CPU
		{243575A2-4915-4185-ABE4-23B09D2A0590}.Release|Any CPU.ActiveCfg = Release|Any CPU
		{243575A2-4915-4185-ABE4-23B09D2A0590}.Release|Any CPU.Build.0 = Release|Any CPU
		{E31CBDD6-5CF4-40F0-AC82-C4CA27D29DD4}.Debug|Any CPU.ActiveCfg = Debug|Any CPU
		{E31CBDD6-5CF4-40F0-AC82-C4CA27D29DD4}.Debug|Any CPU.Build.0 = Debug|Any CPU
		{E31CBDD6-5CF4-40F0-AC82-C4CA27D29DD4}.Release|Any CPU.ActiveCfg = Release|Any CPU
		{E31CBDD6-5CF4-40F0-AC82-C4CA27D29DD4}.Release|Any CPU.Build.0 = Release|Any CPU
	EndGlobalSection
	GlobalSection(SolutionProperties) = preSolution
		HideSolutionNode = FALSE
	EndGlobalSection
	GlobalSection(ExtensibilityGlobals) = postSolution
		SolutionGuid = {DCF3B107-EEEA-4C97-99C6-2C9A72C5F414}
	EndGlobalSection
EndGlobal
